// !$*UTF8*$!
{
	archiveVersion = 1;
	classes = {
	};
	objectVersion = 50;
	objects = {

/* Begin PBXBuildFile section */
		1419245C31F6D3AD52747DF0 /* libPods-JenkinsDemo.a in Frameworks */ = {isa = PBXBuildFile; fileRef = C4BF90BCE613EDC5196217DD /* libPods-JenkinsDemo.a */; };
		85BD667222F407A7009840EB /* AppDelegate.m in Sources */ = {isa = PBXBuildFile; fileRef = 85BD667122F407A7009840EB /* AppDelegate.m */; };
		85BD667522F407A7009840EB /* ViewController.m in Sources */ = {isa = PBXBuildFile; fileRef = 85BD667422F407A7009840EB /* ViewController.m */; };
		85BD667822F407A7009840EB /* Main.storyboard in Resources */ = {isa = PBXBuildFile; fileRef = 85BD667622F407A7009840EB /* Main.storyboard */; };
		85BD667A22F407A8009840EB /* Assets.xcassets in Resources */ = {isa = PBXBuildFile; fileRef = 85BD667922F407A8009840EB /* Assets.xcassets */; };
		85BD667D22F407A8009840EB /* LaunchScreen.storyboard in Resources */ = {isa = PBXBuildFile; fileRef = 85BD667B22F407A8009840EB /* LaunchScreen.storyboard */; };
		85BD668022F407A8009840EB /* main.m in Sources */ = {isa = PBXBuildFile; fileRef = 85BD667F22F407A8009840EB /* main.m */; };
		85BD668A22F407A8009840EB /* JenkinsDemoUITests.m in Sources */ = {isa = PBXBuildFile; fileRef = 85BD668922F407A8009840EB /* JenkinsDemoUITests.m */; };
/* End PBXBuildFile section */

/* Begin PBXContainerItemProxy section */
		85BD668622F407A8009840EB /* PBXContainerItemProxy */ = {
			isa = PBXContainerItemProxy;
			containerPortal = 85BD666522F407A7009840EB /* Project object */;
			proxyType = 1;
			remoteGlobalIDString = 85BD666C22F407A7009840EB;
			remoteInfo = JenkinsDemo;
		};
/* End PBXContainerItemProxy section */

/* Begin PBXFileReference section */
		7F30F511E62CC8F2474A0B90 /* Pods-JenkinsDemo.release.xcconfig */ = {isa = PBXFileReference; includeInIndex = 1; lastKnownFileType = text.xcconfig; name = "Pods-JenkinsDemo.release.xcconfig"; path = "Target Support Files/Pods-JenkinsDemo/Pods-JenkinsDemo.release.xcconfig"; sourceTree = "<group>"; };
		85BD666D22F407A7009840EB /* JenkinsDemo.app */ = {isa = PBXFileReference; explicitFileType = wrapper.application; includeInIndex = 0; path = JenkinsDemo.app; sourceTree = BUILT_PRODUCTS_DIR; };
		85BD667022F407A7009840EB /* AppDelegate.h */ = {isa = PBXFileReference; lastKnownFileType = sourcecode.c.h; path = AppDelegate.h; sourceTree = "<group>"; };
		85BD667122F407A7009840EB /* AppDelegate.m */ = {isa = PBXFileReference; lastKnownFileType = sourcecode.c.objc; path = AppDelegate.m; sourceTree = "<group>"; };
		85BD667322F407A7009840EB /* ViewController.h */ = {isa = PBXFileReference; lastKnownFileType = sourcecode.c.h; path = ViewController.h; sourceTree = "<group>"; };
		85BD667422F407A7009840EB /* ViewController.m */ = {isa = PBXFileReference; lastKnownFileType = sourcecode.c.objc; path = ViewController.m; sourceTree = "<group>"; };
		85BD667722F407A7009840EB /* Base */ = {isa = PBXFileReference; lastKnownFileType = file.storyboard; name = Base; path = Base.lproj/Main.storyboard; sourceTree = "<group>"; };
		85BD667922F407A8009840EB /* Assets.xcassets */ = {isa = PBXFileReference; lastKnownFileType = folder.assetcatalog; path = Assets.xcassets; sourceTree = "<group>"; };
		85BD667C22F407A8009840EB /* Base */ = {isa = PBXFileReference; lastKnownFileType = file.storyboard; name = Base; path = Base.lproj/LaunchScreen.storyboard; sourceTree = "<group>"; };
		85BD667E22F407A8009840EB /* Info.plist */ = {isa = PBXFileReference; lastKnownFileType = text.plist.xml; path = Info.plist; sourceTree = "<group>"; };
		85BD667F22F407A8009840EB /* main.m */ = {isa = PBXFileReference; lastKnownFileType = sourcecode.c.objc; path = main.m; sourceTree = "<group>"; };
		85BD668522F407A8009840EB /* JenkinsDemoUITests.xctest */ = {isa = PBXFileReference; explicitFileType = wrapper.cfbundle; includeInIndex = 0; path = JenkinsDemoUITests.xctest; sourceTree = BUILT_PRODUCTS_DIR; };
		85BD668922F407A8009840EB /* JenkinsDemoUITests.m */ = {isa = PBXFileReference; lastKnownFileType = sourcecode.c.objc; path = JenkinsDemoUITests.m; sourceTree = "<group>"; };
		85BD668B22F407A8009840EB /* Info.plist */ = {isa = PBXFileReference; lastKnownFileType = text.plist.xml; path = Info.plist; sourceTree = "<group>"; };
		90C6CC00A5970B3C5EF5BF05 /* Pods-JenkinsDemo.debug.xcconfig */ = {isa = PBXFileReference; includeInIndex = 1; lastKnownFileType = text.xcconfig; name = "Pods-JenkinsDemo.debug.xcconfig"; path = "Target Support Files/Pods-JenkinsDemo/Pods-JenkinsDemo.debug.xcconfig"; sourceTree = "<group>"; };
		C4BF90BCE613EDC5196217DD /* libPods-JenkinsDemo.a */ = {isa = PBXFileReference; explicitFileType = archive.ar; includeInIndex = 0; path = "libPods-JenkinsDemo.a"; sourceTree = BUILT_PRODUCTS_DIR; };
/* End PBXFileReference section */

/* Begin PBXFrameworksBuildPhase section */
		85BD666A22F407A7009840EB /* Frameworks */ = {
			isa = PBXFrameworksBuildPhase;
			buildActionMask = 2147483647;
			files = (
				1419245C31F6D3AD52747DF0 /* libPods-JenkinsDemo.a in Frameworks */,
			);
			runOnlyForDeploymentPostprocessing = 0;
		};
		85BD668222F407A8009840EB /* Frameworks */ = {
			isa = PBXFrameworksBuildPhase;
			buildActionMask = 2147483647;
			files = (
			);
			runOnlyForDeploymentPostprocessing = 0;
		};
/* End PBXFrameworksBuildPhase section */

/* Begin PBXGroup section */
		4A9ADB2BDFFBF8FCFB7E667C /* Frameworks */ = {
			isa = PBXGroup;
			children = (
				C4BF90BCE613EDC5196217DD /* libPods-JenkinsDemo.a */,
			);
			name = Frameworks;
			sourceTree = "<group>";
		};
		85BD666422F407A7009840EB = {
			isa = PBXGroup;
			children = (
				85BD666F22F407A7009840EB /* JenkinsDemo */,
				85BD668822F407A8009840EB /* JenkinsDemoUITests */,
				85BD666E22F407A7009840EB /* Products */,
				D77CF680299B0B7A066D3BBE /* Pods */,
				4A9ADB2BDFFBF8FCFB7E667C /* Frameworks */,
			);
			sourceTree = "<group>";
		};
		85BD666E22F407A7009840EB /* Products */ = {
			isa = PBXGroup;
			children = (
				85BD666D22F407A7009840EB /* JenkinsDemo.app */,
				85BD668522F407A8009840EB /* JenkinsDemoUITests.xctest */,
			);
			name = Products;
			sourceTree = "<group>";
		};
		85BD666F22F407A7009840EB /* JenkinsDemo */ = {
			isa = PBXGroup;
			children = (
				85BD667022F407A7009840EB /* AppDelegate.h */,
				85BD667122F407A7009840EB /* AppDelegate.m */,
				85BD667322F407A7009840EB /* ViewController.h */,
				85BD667422F407A7009840EB /* ViewController.m */,
				85BD667622F407A7009840EB /* Main.storyboard */,
				85BD667922F407A8009840EB /* Assets.xcassets */,
				85BD667B22F407A8009840EB /* LaunchScreen.storyboard */,
				85BD667E22F407A8009840EB /* Info.plist */,
				85BD667F22F407A8009840EB /* main.m */,
			);
			path = JenkinsDemo;
			sourceTree = "<group>";
		};
		85BD668822F407A8009840EB /* JenkinsDemoUITests */ = {
			isa = PBXGroup;
			children = (
				85BD668922F407A8009840EB /* JenkinsDemoUITests.m */,
				85BD668B22F407A8009840EB /* Info.plist */,
			);
			path = JenkinsDemoUITests;
			sourceTree = "<group>";
		};
		D77CF680299B0B7A066D3BBE /* Pods */ = {
			isa = PBXGroup;
			children = (
				90C6CC00A5970B3C5EF5BF05 /* Pods-JenkinsDemo.debug.xcconfig */,
				7F30F511E62CC8F2474A0B90 /* Pods-JenkinsDemo.release.xcconfig */,
			);
			path = Pods;
			sourceTree = "<group>";
		};
/* End PBXGroup section */

/* Begin PBXNativeTarget section */
		85BD666C22F407A7009840EB /* JenkinsDemo */ = {
			isa = PBXNativeTarget;
			buildConfigurationList = 85BD668E22F407A8009840EB /* Build configuration list for PBXNativeTarget "JenkinsDemo" */;
			buildPhases = (
				2BFCC2182866E7EB019640CC /* [CP] Check Pods Manifest.lock */,
				85BD666922F407A7009840EB /* Sources */,
				85BD666A22F407A7009840EB /* Frameworks */,
				85BD666B22F407A7009840EB /* Resources */,
			);
			buildRules = (
			);
			dependencies = (
			);
			name = JenkinsDemo;
			productName = JenkinsDemo;
			productReference = 85BD666D22F407A7009840EB /* JenkinsDemo.app */;
			productType = "com.apple.product-type.application";
		};
		85BD668422F407A8009840EB /* JenkinsDemoUITests */ = {
			isa = PBXNativeTarget;
			buildConfigurationList = 85BD669122F407A8009840EB /* Build configuration list for PBXNativeTarget "JenkinsDemoUITests" */;
			buildPhases = (
				85BD668122F407A8009840EB /* Sources */,
				85BD668222F407A8009840EB /* Frameworks */,
				85BD668322F407A8009840EB /* Resources */,
			);
			buildRules = (
			);
			dependencies = (
				85BD668722F407A8009840EB /* PBXTargetDependency */,
			);
			name = JenkinsDemoUITests;
			productName = JenkinsDemoUITests;
			productReference = 85BD668522F407A8009840EB /* JenkinsDemoUITests.xctest */;
			productType = "com.apple.product-type.bundle.ui-testing";
		};
/* End PBXNativeTarget section */

/* Begin PBXProject section */
		85BD666522F407A7009840EB /* Project object */ = {
			isa = PBXProject;
			attributes = {
				LastUpgradeCheck = 1020;
				ORGANIZATIONNAME = hu;
				TargetAttributes = {
					85BD666C22F407A7009840EB = {
						CreatedOnToolsVersion = 10.2.1;
					};
					85BD668422F407A8009840EB = {
						CreatedOnToolsVersion = 10.2.1;
						TestTargetID = 85BD666C22F407A7009840EB;
					};
				};
			};
			buildConfigurationList = 85BD666822F407A7009840EB /* Build configuration list for PBXProject "JenkinsDemo" */;
			compatibilityVersion = "Xcode 9.3";
			developmentRegion = en;
			hasScannedForEncodings = 0;
			knownRegions = (
				en,
				Base,
			);
			mainGroup = 85BD666422F407A7009840EB;
			productRefGroup = 85BD666E22F407A7009840EB /* Products */;
			projectDirPath = "";
			projectRoot = "";
			targets = (
				85BD666C22F407A7009840EB /* JenkinsDemo */,
				85BD668422F407A8009840EB /* JenkinsDemoUITests */,
			);
		};
/* End PBXProject section */

/* Begin PBXResourcesBuildPhase section */
		85BD666B22F407A7009840EB /* Resources */ = {
			isa = PBXResourcesBuildPhase;
			buildActionMask = 2147483647;
			files = (
				85BD667D22F407A8009840EB /* LaunchScreen.storyboard in Resources */,
				85BD667A22F407A8009840EB /* Assets.xcassets in Resources */,
				85BD667822F407A7009840EB /* Main.storyboard in Resources */,
			);
			runOnlyForDeploymentPostprocessing = 0;
		};
		85BD668322F407A8009840EB /* Resources */ = {
			isa = PBXResourcesBuildPhase;
			buildActionMask = 2147483647;
			files = (
			);
			runOnlyForDeploymentPostprocessing = 0;
		};
/* End PBXResourcesBuildPhase section */

/* Begin PBXShellScriptBuildPhase section */
		2BFCC2182866E7EB019640CC /* [CP] Check Pods Manifest.lock */ = {
			isa = PBXShellScriptBuildPhase;
			buildActionMask = 2147483647;
			files = (
			);
			inputFileListPaths = (
			);
			inputPaths = (
				"${PODS_PODFILE_DIR_PATH}/Podfile.lock",
				"${PODS_ROOT}/Manifest.lock",
			);
			name = "[CP] Check Pods Manifest.lock";
			outputFileListPaths = (
			);
			outputPaths = (
				"$(DERIVED_FILE_DIR)/Pods-JenkinsDemo-checkManifestLockResult.txt",
			);
			runOnlyForDeploymentPostprocessing = 0;
			shellPath = /bin/sh;
			shellScript = "diff \"${PODS_PODFILE_DIR_PATH}/Podfile.lock\" \"${PODS_ROOT}/Manifest.lock\" > /dev/null\nif [ $? != 0 ] ; then\n    # print error to STDERR\n    echo \"error: The sandbox is not in sync with the Podfile.lock. Run 'pod install' or update your CocoaPods installation.\" >&2\n    exit 1\nfi\n# This output is used by Xcode 'outputs' to avoid re-running this script phase.\necho \"SUCCESS\" > \"${SCRIPT_OUTPUT_FILE_0}\"\n";
			showEnvVarsInLog = 0;
		};
/* End PBXShellScriptBuildPhase section */

/* Begin PBXSourcesBuildPhase section */
		85BD666922F407A7009840EB /* Sources */ = {
			isa = PBXSourcesBuildPhase;
			buildActionMask = 2147483647;
			files = (
				85BD667522F407A7009840EB /* ViewController.m in Sources */,
				85BD668022F407A8009840EB /* main.m in Sources */,
				85BD667222F407A7009840EB /* AppDelegate.m in Sources */,
			);
			runOnlyForDeploymentPostprocessing = 0;
		};
		85BD668122F407A8009840EB /* Sources */ = {
			isa = PBXSourcesBuildPhase;
			buildActionMask = 2147483647;
			files = (
				85BD668A22F407A8009840EB /* JenkinsDemoUITests.m in Sources */,
			);
			runOnlyForDeploymentPostprocessing = 0;
		};
/* End PBXSourcesBuildPhase section */

/* Begin PBXTargetDependency section */
		85BD668722F407A8009840EB /* PBXTargetDependency */ = {
			isa = PBXTargetDependency;
			target = 85BD666C22F407A7009840EB /* JenkinsDemo */;
			targetProxy = 85BD668622F407A8009840EB /* PBXContainerItemProxy */;
		};
/* End PBXTargetDependency section */

/* Begin PBXVariantGroup section */
		85BD667622F407A7009840EB /* Main.storyboard */ = {
			isa = PBXVariantGroup;
			children = (
				85BD667722F407A7009840EB /* Base */,
			);
			name = Main.storyboard;
			sourceTree = "<group>";
		};
		85BD667B22F407A8009840EB /* LaunchScreen.storyboard */ = {
			isa = PBXVariantGroup;
			children = (
				85BD667C22F407A8009840EB /* Base */,
			);
			name = LaunchScreen.storyboard;
			sourceTree = "<group>";
		};
/* End PBXVariantGroup section */

/* Begin XCBuildConfiguration section */
		85BD668C22F407A8009840EB /* Debug */ = {
			isa = XCBuildConfiguration;
			buildSettings = {
				ALWAYS_SEARCH_USER_PATHS = NO;
				CLANG_ANALYZER_NONNULL = YES;
				CLANG_ANALYZER_NUMBER_OBJECT_CONVERSION = YES_AGGRESSIVE;
				CLANG_CXX_LANGUAGE_STANDARD = "gnu++14";
				CLANG_CXX_LIBRARY = "libc++";
				CLANG_ENABLE_MODULES = YES;
				CLANG_ENABLE_OBJC_ARC = YES;
				CLANG_ENABLE_OBJC_WEAK = YES;
				CLANG_WARN_BLOCK_CAPTURE_AUTORELEASING = YES;
				CLANG_WARN_BOOL_CONVERSION = YES;
				CLANG_WARN_COMMA = YES;
				CLANG_WARN_CONSTANT_CONVERSION = YES;
				CLANG_WARN_DEPRECATED_OBJC_IMPLEMENTATIONS = YES;
				CLANG_WARN_DIRECT_OBJC_ISA_USAGE = YES_ERROR;
				CLANG_WARN_DOCUMENTATION_COMMENTS = YES;
				CLANG_WARN_EMPTY_BODY = YES;
				CLANG_WARN_ENUM_CONVERSION = YES;
				CLANG_WARN_INFINITE_RECURSION = YES;
				CLANG_WARN_INT_CONVERSION = YES;
				CLANG_WARN_NON_LITERAL_NULL_CONVERSION = YES;
				CLANG_WARN_OBJC_IMPLICIT_RETAIN_SELF = YES;
				CLANG_WARN_OBJC_LITERAL_CONVERSION = YES;
				CLANG_WARN_OBJC_ROOT_CLASS = YES_ERROR;
				CLANG_WARN_RANGE_LOOP_ANALYSIS = YES;
				CLANG_WARN_STRICT_PROTOTYPES = YES;
				CLANG_WARN_SUSPICIOUS_MOVE = YES;
				CLANG_WARN_UNGUARDED_AVAILABILITY = YES_AGGRESSIVE;
				CLANG_WARN_UNREACHABLE_CODE = YES;
				CLANG_WARN__DUPLICATE_METHOD_MATCH = YES;
				CODE_SIGN_IDENTITY = "iPhone Developer";
				COPY_PHASE_STRIP = NO;
				DEBUG_INFORMATION_FORMAT = dwarf;
				ENABLE_STRICT_OBJC_MSGSEND = YES;
				ENABLE_TESTABILITY = YES;
				GCC_C_LANGUAGE_STANDARD = gnu11;
				GCC_DYNAMIC_NO_PIC = NO;
				GCC_NO_COMMON_BLOCKS = YES;
				GCC_OPTIMIZATION_LEVEL = 0;
				GCC_PREPROCESSOR_DEFINITIONS = (
					"DEBUG=1",
					"$(inherited)",
				);
				GCC_WARN_64_TO_32_BIT_CONVERSION = YES;
				GCC_WARN_ABOUT_RETURN_TYPE = YES_ERROR;
				GCC_WARN_UNDECLARED_SELECTOR = YES;
				GCC_WARN_UNINITIALIZED_AUTOS = YES_AGGRESSIVE;
				GCC_WARN_UNUSED_FUNCTION = YES;
				GCC_WARN_UNUSED_VARIABLE = YES;
				IPHONEOS_DEPLOYMENT_TARGET = 12.2;
				MTL_ENABLE_DEBUG_INFO = INCLUDE_SOURCE;
				MTL_FAST_MATH = YES;
				ONLY_ACTIVE_ARCH = YES;
				SDKROOT = iphoneos;
			};
			name = Debug;
		};
		85BD668D22F407A8009840EB /* Release */ = {
			isa = XCBuildConfiguration;
			buildSettings = {
				ALWAYS_SEARCH_USER_PATHS = NO;
				CLANG_ANALYZER_NONNULL = YES;
				CLANG_ANALYZER_NUMBER_OBJECT_CONVERSION = YES_AGGRESSIVE;
				CLANG_CXX_LANGUAGE_STANDARD = "gnu++14";
				CLANG_CXX_LIBRARY = "libc++";
				CLANG_ENABLE_MODULES = YES;
				CLANG_ENABLE_OBJC_ARC = YES;
				CLANG_ENABLE_OBJC_WEAK = YES;
				CLANG_WARN_BLOCK_CAPTURE_AUTORELEASING = YES;
				CLANG_WARN_BOOL_CONVERSION = YES;
				CLANG_WARN_COMMA = YES;
				CLANG_WARN_CONSTANT_CONVERSION = YES;
				CLANG_WARN_DEPRECATED_OBJC_IMPLEMENTATIONS = YES;
				CLANG_WARN_DIRECT_OBJC_ISA_USAGE = YES_ERROR;
				CLANG_WARN_DOCUMENTATION_COMMENTS = YES;
				CLANG_WARN_EMPTY_BODY = YES;
				CLANG_WARN_ENUM_CONVERSION = YES;
				CLANG_WARN_INFINITE_RECURSION = YES;
				CLANG_WARN_INT_CONVERSION = YES;
				CLANG_WARN_NON_LITERAL_NULL_CONVERSION = YES;
				CLANG_WARN_OBJC_IMPLICIT_RETAIN_SELF = YES;
				CLANG_WARN_OBJC_LITERAL_CONVERSION = YES;
				CLANG_WARN_OBJC_ROOT_CLASS = YES_ERROR;
				CLANG_WARN_RANGE_LOOP_ANALYSIS = YES;
				CLANG_WARN_STRICT_PROTOTYPES = YES;
				CLANG_WARN_SUSPICIOUS_MOVE = YES;
				CLANG_WARN_UNGUARDED_AVAILABILITY = YES_AGGRESSIVE;
				CLANG_WARN_UNREACHABLE_CODE = YES;
				CLANG_WARN__DUPLICATE_METHOD_MATCH = YES;
				CODE_SIGN_IDENTITY = "iPhone Developer";
				COPY_PHASE_STRIP = NO;
				DEBUG_INFORMATION_FORMAT = "dwarf-with-dsym";
				ENABLE_NS_ASSERTIONS = NO;
				ENABLE_STRICT_OBJC_MSGSEND = YES;
				GCC_C_LANGUAGE_STANDARD = gnu11;
				GCC_NO_COMMON_BLOCKS = YES;
				GCC_WARN_64_TO_32_BIT_CONVERSION = YES;
				GCC_WARN_ABOUT_RETURN_TYPE = YES_ERROR;
				GCC_WARN_UNDECLARED_SELECTOR = YES;
				GCC_WARN_UNINITIALIZED_AUTOS = YES_AGGRESSIVE;
				GCC_WARN_UNUSED_FUNCTION = YES;
				GCC_WARN_UNUSED_VARIABLE = YES;
				IPHONEOS_DEPLOYMENT_TARGET = 12.2;
				MTL_ENABLE_DEBUG_INFO = NO;
				MTL_FAST_MATH = YES;
				SDKROOT = iphoneos;
				VALIDATE_PRODUCT = YES;
			};
			name = Release;
		};
		85BD668F22F407A8009840EB /* Debug */ = {
			isa = XCBuildConfiguration;
			baseConfigurationReference = 90C6CC00A5970B3C5EF5BF05 /* Pods-JenkinsDemo.debug.xcconfig */;
			buildSettings = {
				ASSETCATALOG_COMPILER_APPICON_NAME = AppIcon;
				CODE_SIGN_IDENTITY = "iPhone Developer";
				CODE_SIGN_STYLE = Manual;
				DEVELOPMENT_TEAM = DZ26N5DKRJ;
				INFOPLIST_FILE = JenkinsDemo/Info.plist;
				IPHONEOS_DEPLOYMENT_TARGET = 9.0;
				LD_RUNPATH_SEARCH_PATHS = (
					"$(inherited)",
					"@executable_path/Frameworks",
				);
				PRODUCT_BUNDLE_IDENTIFIER = com.jy.t11;
				PRODUCT_NAME = "$(TARGET_NAME)";
				PROVISIONING_PROFILE_SPECIFIER = t11dev;
				TARGETED_DEVICE_FAMILY = "1,2";
			};
			name = Debug;
		};
		85BD669022F407A8009840EB /* Release */ = {
			isa = XCBuildConfiguration;
			baseConfigurationReference = 7F30F511E62CC8F2474A0B90 /* Pods-JenkinsDemo.release.xcconfig */;
			buildSettings = {
				ASSETCATALOG_COMPILER_APPICON_NAME = AppIcon;
				CODE_SIGN_IDENTITY = "iPhone Developer";
				CODE_SIGN_STYLE = Manual;
				DEVELOPMENT_TEAM = "";
				INFOPLIST_FILE = JenkinsDemo/Info.plist;
				IPHONEOS_DEPLOYMENT_TARGET = 9.0;
				LD_RUNPATH_SEARCH_PATHS = (
					"$(inherited)",
					"@executable_path/Frameworks",
				);
				PRODUCT_BUNDLE_IDENTIFIER = com.jy.t11;
				PRODUCT_NAME = "$(TARGET_NAME)";
				PROVISIONING_PROFILE_SPECIFIER = "";
				TARGETED_DEVICE_FAMILY = "1,2";
			};
			name = Release;
		};
		85BD669222F407A8009840EB /* Debug */ = {
			isa = XCBuildConfiguration;
			buildSettings = {
				CODE_SIGN_STYLE = Automatic;
				INFOPLIST_FILE = JenkinsDemoUITests/Info.plist;
				LD_RUNPATH_SEARCH_PATHS = (
					"$(inherited)",
					"@executable_path/Frameworks",
					"@loader_path/Frameworks",
				);
				PRODUCT_BUNDLE_IDENTIFIER = com.jy.1.JenkinsDemoUITests;
				PRODUCT_NAME = "$(TARGET_NAME)";
				TARGETED_DEVICE_FAMILY = "1,2";
				TEST_TARGET_NAME = JenkinsDemo;
			};
			name = Debug;
		};
		85BD669322F407A8009840EB /* Release */ = {
			isa = XCBuildConfiguration;
			buildSettings = {
				CODE_SIGN_STYLE = Automatic;
				INFOPLIST_FILE = JenkinsDemoUITests/Info.plist;
				LD_RUNPATH_SEARCH_PATHS = (
					"$(inherited)",
					"@executable_path/Frameworks",
					"@loader_path/Frameworks",
				);
				PRODUCT_BUNDLE_IDENTIFIER = com.jy.1.JenkinsDemoUITests;
				PRODUCT_NAME = "$(TARGET_NAME)";
				TARGETED_DEVICE_FAMILY = "1,2";
				TEST_TARGET_NAME = JenkinsDemo;
			};
			name = Release;
		};
/* End XCBuildConfiguration section */

/* Begin XCConfigurationList section */
		85BD666822F407A7009840EB /* Build configuration list for PBXProject "JenkinsDemo" */ = {
			isa = XCConfigurationList;
			buildConfigurations = (
				85BD668C22F407A8009840EB /* Debug */,
				85BD668D22F407A8009840EB /* Release */,
			);
			defaultConfigurationIsVisible = 0;
			defaultConfigurationName = Release;
		};
		85BD668E22F407A8009840EB /* Build configuration list for PBXNativeTarget "JenkinsDemo" */ = {
			isa = XCConfigurationList;
			buildConfigurations = (
				85BD668F22F407A8009840EB /* Debug */,
				85BD669022F407A8009840EB /* Release */,
			);
			defaultConfigurationIsVisible = 0;
			defaultConfigurationName = Release;
		};
		85BD669122F407A8009840EB /* Build configuration list for PBXNativeTarget "JenkinsDemoUITests" */ = {
			isa = XCConfigurationList;
			buildConfigurations = (
				85BD669222F407A8009840EB /* Debug */,
				85BD669322F407A8009840EB /* Release */,
			);
			defaultConfigurationIsVisible = 0;
			defaultConfigurationName = Release;
		};
/* End XCConfigurationList section */
	};
	rootObject = 85BD666522F407A7009840EB /* Project object */;
}
